{
    "name": "react-spread-grid",
    "version": "1.0.0",
    "lockfileVersion": 3,
    "requires": true,
    "packages": {
        "": {
            "name": "react-spread-grid",
            "version": "1.0.0",
            "dependencies": {
                "js-spread-grid": "file:../lib"
            }
        },
        "../lib": {
            "version": "1.0.0",
            "devDependencies": {
                "webpack": "^5.90.3",
                "webpack-cli": "^5.1.4"
            }
        },
        "node_modules/js-spread-grid": {
            "resolved": "../lib",
            "link": true
        }
    }
}
